
Microsoft Visual Studio Solution File, Format Version 12.00
# Visual Studio Version 17
VisualStudioVersion = 17.1.32414.318
MinimumVisualStudioVersion = 10.0.40219.1
Project("{9A19103F-16F7-4668-BE54-9A1E7A4F7556}") = "DesignPatterns.Mediator", "DesignPatterns.Mediator.csproj", "{43659D31-F9BD-420E-9BE4-832A2828E79C}"
EndProject
Global
	GlobalSection(SolutionConfigurationPlatforms) = preSolution
		Debug|Any CPU = Debug|Any CPU
		Release|Any CPU = Release|Any CPU
	EndGlobalSection
	GlobalSection(ProjectConfigurationPlatforms) = postSolution
		{43659D31-F9BD-420E-9BE4-832A2828E79C}.Debug|Any CPU.ActiveCfg = Debug|Any CPU
		{43659D31-F9BD-420E-9BE4-832A2828E79C}.Debug|Any CPU.Build.0 = Debug|Any CPU
		{43659D31-F9BD-420E-9BE4-832A2828E79C}.Release|Any CPU.ActiveCfg = Release|Any CPU
		{43659D31-F9BD-420E-9BE4-832A2828E79C}.Release|Any CPU.Build.0 = Release|Any CPU
	EndGlobalSection
	GlobalSection(SolutionProperties) = preSolution
		HideSolutionNode = FALSE
	EndGlobalSection
	GlobalSection(ExtensibilityGlobals) = postSolution
		SolutionGuid = {4F51FE5C-4CBB-4328-85B7-062DD38AC0D2}
	EndGlobalSection
EndGlobal
